
Microsoft Visual Studio Solution File, Format Version 12.00
# Visual Studio Version 17
VisualStudioVersion = 17.3.32819.101
MinimumVisualStudioVersion = 10.0.40219.1
Project("{9A19103F-16F7-4668-BE54-9A1E7A4F7556}") = "ShopProduct.Api", "ShopProduct.Api\ShopProduct.Api.csproj", "{6AE3375D-6315-4E25-9659-CB4317A80BCF}"
EndProject
Project("{9A19103F-16F7-4668-BE54-9A1E7A4F7556}") = "ShopProduct.Models", "ShopProduct.Models\ShopProduct.Models.csproj", "{232BAEF4-223D-46A4-9F0D-2D1B4ED74AFF}"
EndProject
Project("{9A19103F-16F7-4668-BE54-9A1E7A4F7556}") = "ShopProduct.Web", "ShopProduct.Web\ShopProduct.Web.csproj", "{E5730B31-9F85-4972-AFAD-939C7F536F0F}"
EndProject
Global
	GlobalSection(SolutionConfigurationPlatforms) = preSolution
		Debug|Any CPU = Debug|Any CPU
		Release|Any CPU = Release|Any CPU
	EndGlobalSection
	GlobalSection(ProjectConfigurationPlatforms) = postSolution
		{6AE3375D-6315-4E25-9659-CB4317A80BCF}.Debug|Any CPU.ActiveCfg = Debug|Any CPU
		{6AE3375D-6315-4E25-9659-CB4317A80BCF}.Debug|Any CPU.Build.0 = Debug|Any CPU
		{6AE3375D-6315-4E25-9659-CB4317A80BCF}.Release|Any CPU.ActiveCfg = Release|Any CPU
		{6AE3375D-6315-4E25-9659-CB4317A80BCF}.Release|Any CPU.Build.0 = Release|Any CPU
		{232BAEF4-223D-46A4-9F0D-2D1B4ED74AFF}.Debug|Any CPU.ActiveCfg = Debug|Any CPU
		{232BAEF4-223D-46A4-9F0D-2D1B4ED74AFF}.Debug|Any CPU.Build.0 = Debug|Any CPU
		{232BAEF4-223D-46A4-9F0D-2D1B4ED74AFF}.Release|Any CPU.ActiveCfg = Release|Any CPU
		{232BAEF4-223D-46A4-9F0D-2D1B4ED74AFF}.Release|Any CPU.Build.0 = Release|Any CPU
		{E5730B31-9F85-4972-AFAD-939C7F536F0F}.Debug|Any CPU.ActiveCfg = Debug|Any CPU
		{E5730B31-9F85-4972-AFAD-939C7F536F0F}.Debug|Any CPU.Build.0 = Debug|Any CPU
		{E5730B31-9F85-4972-AFAD-939C7F536F0F}.Release|Any CPU.ActiveCfg = Release|Any CPU
		{E5730B31-9F85-4972-AFAD-939C7F536F0F}.Release|Any CPU.Build.0 = Release|Any CPU
	EndGlobalSection
	GlobalSection(SolutionProperties) = preSolution
		HideSolutionNode = FALSE
	EndGlobalSection
	GlobalSection(ExtensibilityGlobals) = postSolution
		SolutionGuid = {FBF12AD8-6859-4AAD-9E87-93D59406EB8B}
	EndGlobalSection
EndGlobal
